
Microsoft Visual Studio Solution File, Format Version 12.00
# Visual Studio Version 17
VisualStudioVersion = 17.5.33516.290
MinimumVisualStudioVersion = 10.0.40219.1
Project("{FAE04EC0-301F-11D3-BF4B-00C04F79EFBC}") = "Desafio_ProcessamentoDados_CEE", "Desafio_ProcessamentoDados_CEE\Desafio_ProcessamentoDados_CEE.csproj", "{F1B23476-9FB7-48D0-A7D8-DEEC48627ED5}"
EndProject
Global
	GlobalSection(SolutionConfigurationPlatforms) = preSolution
		Debug|Any CPU = Debug|Any CPU
		Release|Any CPU = Release|Any CPU
	EndGlobalSection
	GlobalSection(ProjectConfigurationPlatforms) = postSolution
		{F1B23476-9FB7-48D0-A7D8-DEEC48627ED5}.Debug|Any CPU.ActiveCfg = Debug|Any CPU
		{F1B23476-9FB7-48D0-A7D8-DEEC48627ED5}.Debug|Any CPU.Build.0 = Debug|Any CPU
		{F1B23476-9FB7-48D0-A7D8-DEEC48627ED5}.Release|Any CPU.ActiveCfg = Release|Any CPU
		{F1B23476-9FB7-48D0-A7D8-DEEC48627ED5}.Release|Any CPU.Build.0 = Release|Any CPU
	EndGlobalSection
	GlobalSection(SolutionProperties) = preSolution
		HideSolutionNode = FALSE
	EndGlobalSection
	GlobalSection(ExtensibilityGlobals) = postSolution
		SolutionGuid = {3A2B7CF2-DA25-46DD-B7E5-799242CA42EE}
	EndGlobalSection
EndGlobal
